
Microsoft Visual Studio Solution File, Format Version 12.00
# Visual Studio Version 16
VisualStudioVersion = 16.0.31911.196
MinimumVisualStudioVersion = 10.0.40219.1
Project("{FAE04EC0-301F-11D3-BF4B-00C04F79EFBC}") = "doAnC_Sharp_Finale", "doAnC_Sharp_Finale\doAnC_Sharp_Finale.csproj", "{4F7EDFD5-B58E-4160-9CE2-5E228A79E56F}"
EndProject
Global
	GlobalSection(SolutionConfigurationPlatforms) = preSolution
		Debug|Any CPU = Debug|Any CPU
		Release|Any CPU = Release|Any CPU
	EndGlobalSection
	GlobalSection(ProjectConfigurationPlatforms) = postSolution
		{4F7EDFD5-B58E-4160-9CE2-5E228A79E56F}.Debug|Any CPU.ActiveCfg = Debug|Any CPU
		{4F7EDFD5-B58E-4160-9CE2-5E228A79E56F}.Debug|Any CPU.Build.0 = Debug|Any CPU
		{4F7EDFD5-B58E-4160-9CE2-5E228A79E56F}.Release|Any CPU.ActiveCfg = Release|Any CPU
		{4F7EDFD5-B58E-4160-9CE2-5E228A79E56F}.Release|Any CPU.Build.0 = Release|Any CPU
	EndGlobalSection
	GlobalSection(SolutionProperties) = preSolution
		HideSolutionNode = FALSE
	EndGlobalSection
	GlobalSection(ExtensibilityGlobals) = postSolution
		SolutionGuid = {1015BF46-BDDE-43A7-9605-7B8D3F6F05E3}
	EndGlobalSection
EndGlobal
